
Microsoft Visual Studio Solution File, Format Version 12.00
# Visual Studio Version 17
VisualStudioVersion = 17.1.32228.430
MinimumVisualStudioVersion = 10.0.40219.1
Project("{9A19103F-16F7-4668-BE54-9A1E7A4F7556}") = "DTC2TDA", "DTC2TDA\DTC2TDA.csproj", "{AF3C0649-C5D4-45A3-B0EC-2E92AAACB953}"
EndProject
Project("{9A19103F-16F7-4668-BE54-9A1E7A4F7556}") = "DTCCommon", "DTCSharp\DTCCommon\DTCCommon.csproj", "{DC12ED9E-1CB2-4DAC-A43E-50872AA020B6}"
EndProject
Project("{9A19103F-16F7-4668-BE54-9A1E7A4F7556}") = "DTCClient", "DTCSharp\DTCClient\DTCClient.csproj", "{190659B4-D00B-4113-9C6F-B3FC367A32B0}"
EndProject
Project("{2150E333-8FDC-42A3-9474-1A3956D46DE8}") = "SolutionItems", "SolutionItems", "{63A4A689-B54E-45F1-B1E7-4DBE19F635F4}"
	ProjectSection(SolutionItems) = preProject
		README.md = README.md
	EndProjectSection
EndProject
Project("{FAE04EC0-301F-11D3-BF4B-00C04F79EFBC}") = "TDAmeritradeSharpClient", "TDAmeritradeSharp\TDAmeritradeSharpClient\TDAmeritradeSharpClient.csproj", "{0DC0910A-5E02-4366-A48A-A1489C508C6D}"
EndProject
Global
	GlobalSection(SolutionConfigurationPlatforms) = preSolution
		Debug|Any CPU = Debug|Any CPU
		Release|Any CPU = Release|Any CPU
	EndGlobalSection
	GlobalSection(ProjectConfigurationPlatforms) = postSolution
		{AF3C0649-C5D4-45A3-B0EC-2E92AAACB953}.Debug|Any CPU.ActiveCfg = Debug|Any CPU
		{AF3C0649-C5D4-45A3-B0EC-2E92AAACB953}.Debug|Any CPU.Build.0 = Debug|Any CPU
		{AF3C0649-C5D4-45A3-B0EC-2E92AAACB953}.Release|Any CPU.ActiveCfg = Release|Any CPU
		{AF3C0649-C5D4-45A3-B0EC-2E92AAACB953}.Release|Any CPU.Build.0 = Release|Any CPU
		{DC12ED9E-1CB2-4DAC-A43E-50872AA020B6}.Debug|Any CPU.ActiveCfg = Debug|Any CPU
		{DC12ED9E-1CB2-4DAC-A43E-50872AA020B6}.Debug|Any CPU.Build.0 = Debug|Any CPU
		{DC12ED9E-1CB2-4DAC-A43E-50872AA020B6}.Release|Any CPU.ActiveCfg = Release|Any CPU
		{DC12ED9E-1CB2-4DAC-A43E-50872AA020B6}.Release|Any CPU.Build.0 = Release|Any CPU
		{190659B4-D00B-4113-9C6F-B3FC367A32B0}.Debug|Any CPU.ActiveCfg = Debug|Any CPU
		{190659B4-D00B-4113-9C6F-B3FC367A32B0}.Debug|Any CPU.Build.0 = Debug|Any CPU
		{190659B4-D00B-4113-9C6F-B3FC367A32B0}.Release|Any CPU.ActiveCfg = Release|Any CPU
		{190659B4-D00B-4113-9C6F-B3FC367A32B0}.Release|Any CPU.Build.0 = Release|Any CPU
		{0DC0910A-5E02-4366-A48A-A1489C508C6D}.Debug|Any CPU.ActiveCfg = Debug|Any CPU
		{0DC0910A-5E02-4366-A48A-A1489C508C6D}.Debug|Any CPU.Build.0 = Debug|Any CPU
		{0DC0910A-5E02-4366-A48A-A1489C508C6D}.Release|Any CPU.ActiveCfg = Release|Any CPU
		{0DC0910A-5E02-4366-A48A-A1489C508C6D}.Release|Any CPU.Build.0 = Release|Any CPU
	EndGlobalSection
	GlobalSection(SolutionProperties) = preSolution
		HideSolutionNode = FALSE
	EndGlobalSection
	GlobalSection(ExtensibilityGlobals) = postSolution
		SolutionGuid = {129DCEFD-0BAD-4FF6-8F4C-355253C301BD}
	EndGlobalSection
EndGlobal
